
Microsoft Visual Studio Solution File, Format Version 12.00
# Visual Studio Version 17
VisualStudioVersion = 17.8.34330.188
MinimumVisualStudioVersion = 10.0.40219.1
Project("{FAE04EC0-301F-11D3-BF4B-00C04F79EFBC}") = "planner", "planner\planner.csproj", "{AD652CC6-0BCF-4AAB-8FDB-CEB032E0D537}"
EndProject
Global
	GlobalSection(SolutionConfigurationPlatforms) = preSolution
		Debug|Any CPU = Debug|Any CPU
		Release|Any CPU = Release|Any CPU
	EndGlobalSection
	GlobalSection(ProjectConfigurationPlatforms) = postSolution
		{AD652CC6-0BCF-4AAB-8FDB-CEB032E0D537}.Debug|Any CPU.ActiveCfg = Debug|Any CPU
		{AD652CC6-0BCF-4AAB-8FDB-CEB032E0D537}.Debug|Any CPU.Build.0 = Debug|Any CPU
		{AD652CC6-0BCF-4AAB-8FDB-CEB032E0D537}.Release|Any CPU.ActiveCfg = Release|Any CPU
		{AD652CC6-0BCF-4AAB-8FDB-CEB032E0D537}.Release|Any CPU.Build.0 = Release|Any CPU
	EndGlobalSection
	GlobalSection(SolutionProperties) = preSolution
		HideSolutionNode = FALSE
	EndGlobalSection
	GlobalSection(ExtensibilityGlobals) = postSolution
		SolutionGuid = {D202A189-A23A-47D6-80EA-4D304F528957}
	EndGlobalSection
EndGlobal
